
Microsoft Visual Studio Solution File, Format Version 12.00
# Visual Studio Version 16
VisualStudioVersion = 16.0.32802.440
MinimumVisualStudioVersion = 10.0.40219.1
Project("{9A19103F-16F7-4668-BE54-9A1E7A4F7556}") = "PawnShop.Forms", "PawnShop.Forms\PawnShop.Forms.csproj", "{71F8E7D8-BE3A-486F-B1C8-F169BE82AB8D}"
EndProject
Project("{9A19103F-16F7-4668-BE54-9A1E7A4F7556}") = "PawnShop.Data", "PawnShop.Data\PawnShop.Data.csproj", "{C5E758E1-D61C-467A-BAE8-C1D20563629C}"
EndProject
Project("{FAE04EC0-301F-11D3-BF4B-00C04F79EFBC}") = "PawnShop.Business", "PawnShop.Business\PawnShop.Business.csproj", "{61CCD681-9C6A-43A5-BD90-4E66A5A00035}"
EndProject
Global
	GlobalSection(SolutionConfigurationPlatforms) = preSolution
		Debug|Any CPU = Debug|Any CPU
		Release|Any CPU = Release|Any CPU
	EndGlobalSection
	GlobalSection(ProjectConfigurationPlatforms) = postSolution
		{71F8E7D8-BE3A-486F-B1C8-F169BE82AB8D}.Debug|Any CPU.ActiveCfg = Debug|Any CPU
		{71F8E7D8-BE3A-486F-B1C8-F169BE82AB8D}.Debug|Any CPU.Build.0 = Debug|Any CPU
		{71F8E7D8-BE3A-486F-B1C8-F169BE82AB8D}.Release|Any CPU.ActiveCfg = Release|Any CPU
		{71F8E7D8-BE3A-486F-B1C8-F169BE82AB8D}.Release|Any CPU.Build.0 = Release|Any CPU
		{C5E758E1-D61C-467A-BAE8-C1D20563629C}.Debug|Any CPU.ActiveCfg = Debug|Any CPU
		{C5E758E1-D61C-467A-BAE8-C1D20563629C}.Debug|Any CPU.Build.0 = Debug|Any CPU
		{C5E758E1-D61C-467A-BAE8-C1D20563629C}.Release|Any CPU.ActiveCfg = Release|Any CPU
		{C5E758E1-D61C-467A-BAE8-C1D20563629C}.Release|Any CPU.Build.0 = Release|Any CPU
		{61CCD681-9C6A-43A5-BD90-4E66A5A00035}.Debug|Any CPU.ActiveCfg = Debug|Any CPU
		{61CCD681-9C6A-43A5-BD90-4E66A5A00035}.Debug|Any CPU.Build.0 = Debug|Any CPU
		{61CCD681-9C6A-43A5-BD90-4E66A5A00035}.Release|Any CPU.ActiveCfg = Release|Any CPU
		{61CCD681-9C6A-43A5-BD90-4E66A5A00035}.Release|Any CPU.Build.0 = Release|Any CPU
	EndGlobalSection
	GlobalSection(SolutionProperties) = preSolution
		HideSolutionNode = FALSE
	EndGlobalSection
	GlobalSection(ExtensibilityGlobals) = postSolution
		SolutionGuid = {228B8C33-FB9E-4EE9-8C67-D31766F758BB}
	EndGlobalSection
EndGlobal
